
Microsoft Visual Studio Solution File, Format Version 12.00
# Visual Studio Version 17
VisualStudioVersion = 17.2.32616.157
MinimumVisualStudioVersion = 10.0.40219.1
Project("{FAE04EC0-301F-11D3-BF4B-00C04F79EFBC}") = "ExcPropHashSet", "ExcPropHashSet\ExcPropHashSet.csproj", "{4E950571-E4C3-479E-8881-569025E844F2}"
EndProject
Global
	GlobalSection(SolutionConfigurationPlatforms) = preSolution
		Debug|Any CPU = Debug|Any CPU
		Release|Any CPU = Release|Any CPU
	EndGlobalSection
	GlobalSection(ProjectConfigurationPlatforms) = postSolution
		{4E950571-E4C3-479E-8881-569025E844F2}.Debug|Any CPU.ActiveCfg = Debug|Any CPU
		{4E950571-E4C3-479E-8881-569025E844F2}.Debug|Any CPU.Build.0 = Debug|Any CPU
		{4E950571-E4C3-479E-8881-569025E844F2}.Release|Any CPU.ActiveCfg = Release|Any CPU
		{4E950571-E4C3-479E-8881-569025E844F2}.Release|Any CPU.Build.0 = Release|Any CPU
	EndGlobalSection
	GlobalSection(SolutionProperties) = preSolution
		HideSolutionNode = FALSE
	EndGlobalSection
	GlobalSection(ExtensibilityGlobals) = postSolution
		SolutionGuid = {8966621E-5F71-4C81-B390-049D90C29579}
	EndGlobalSection
EndGlobal
